# THIS IS AN AUTOGENERATED FILE. DO NOT EDIT THIS FILE DIRECTLY.
# yarn lockfile v1


gh-updater@^1.6.1:
  version "1.6.1"
  resolved "https://registry.yarnpkg.com/gh-updater/-/gh-updater-1.6.1.tgz#ccf007e7cc629877cc76f52522cd9a87fa553df1"
  integrity sha512-fTHpMVZL5Kz5u692VWWmhsWLUEqKuZstwp5qfxLkSoEnVm2bIOlIB4MlDMFV0z8qEGa0bnlbdF9Ut2NI7KIIHg==
